---
:runtime:
- com.io7m.xom:xom:jar:1.2.10
- commons-cli:commons-cli:jar:1.4
- javax.xml.bind:jaxb-api:jar:2.2.7
- org.apache.commons:commons-csv:jar:1.5
- com.fasterxml.jackson.core:jackson-core:jar:2.4.5
- xalan:xalan:jar:2.7.0
- org.apache.lucene:lucene-analyzers-common:jar:4.10.3
- com.github.jai-imageio:jai-imageio-core:jar:1.4.0
- com.fasterxml.jackson.core:jackson-annotations:jar:2.4.0
- org.apache.lucene:lucene-queryparser:jar:4.10.3
- org.glassfish:javax.json:jar:1.0.4
- org.bouncycastle:bcmail-jdk15on:jar:1.59
- com.googlecode.json-simple:json-simple:jar:1.1.1
- org.apache.lucene:lucene-core:jar:4.10.3
- org.apache.poi:poi-ooxml-schemas:jar:3.15
- com.github.virtuald:curvesapi:jar:1.04
- joda-time:joda-time:jar:2.9.4
- technology.tabula:tabula:jar:1.0.4-SNAPSHOT
- org.apache.lucene:lucene-sandbox:jar:4.10.3
- org.locationtech.jts:jts-core:jar:1.15.0
- javax.servlet:javax.servlet-api:jar:3.0.1
- com.google.code.gson:gson:jar:2.8.5
- com.google.protobuf:protobuf-java:jar:3.2.0
- commons-logging:commons-logging:jar:1.2
- com.fasterxml.jackson.dataformat:jackson-dataformat-yaml:jar:2.4.5
- com.apple:AppleJavaExtensions:jar:1.4
- org.yaml:snakeyaml:jar:1.18
- de.jollyday:jollyday:jar:0.4.9
- junit:junit:jar:4.10
- edu.stanford.nlp:stanford-parser:jar:3.8.0
- xerces:xercesImpl:jar:2.8.0
- org.apache.poi:poi-ooxml:jar:3.15
- org.projectlombok:lombok:jar:1.16.20
- com.googlecode.efficient-java-matrix-library:ejml:jar:0.23
- com.hcl:pdf-predicate-extract-impl:jar:1.0.4-SNAPSHOT
- org.bouncycastle:bcprov-jdk15on:jar:1.59
- org.apache.pdfbox:jbig2-imageio:jar:3.0.1
- org.apache.lucene:lucene-queries:jar:4.10.3
- xml-apis:xml-apis:jar:1.3.03
- org.apache.commons:commons-collections4:jar:4.1
- org.apache.commons:commons-lang3:jar:3.3.1
- commons-codec:commons-codec:jar:1.10
- org.bouncycastle:bcpkix-jdk15on:jar:1.59
- com.hcl:pdf-color-extract-impl:jar:1.0.4-SNAPSHOT
- org.apache.xmlbeans:xmlbeans:jar:2.6.0
- org.apache.pdfbox:fontbox:jar:2.0.11
- org.apache.pdfbox:pdfbox:jar:2.0.11
- jline:jline:jar:2.11
- org.slf4j:slf4j-simple:jar:1.7.25
- org.slf4j:slf4j-api:jar:1.7.25
- com.hcl:pdf-common:jar:1.0.4-SNAPSHOT
- commons-io:commons-io:jar:1.3.2
- edu.stanford.nlp:stanford-corenlp:jar:3.8.0
- org.apache.poi:poi:jar:3.15
- com.github.jai-imageio:jai-imageio-jpeg2000:jar:1.3.0
- com.fasterxml.jackson.core:jackson-databind:jar:2.4.5
- org.hamcrest:hamcrest-core:jar:1.1
- stax:stax-api:jar:1.0.1
